// !$*UTF8*$!
{
	archiveVersion = 1;
	classes = {
	};
	objectVersion = 50;
	objects = {

/* Begin PBXBuildFile section */
		24A73E004253822B9E69FB52 /* Pods_moviee.framework in Frameworks */ = {isa = PBXBuildFile; fileRef = 92D7993CA1E90C698C480C87 /* Pods_moviee.framework */; };
		FF030D8720F5B67900D9E2BB /* cellSize.swift in Sources */ = {isa = PBXBuildFile; fileRef = FF030D8620F5B67900D9E2BB /* cellSize.swift */; };
		FF030D8920F5B77900D9E2BB /* label.swift in Sources */ = {isa = PBXBuildFile; fileRef = FF030D8820F5B77900D9E2BB /* label.swift */; };
		FF030D8B20F5BF9900D9E2BB /* DetailViewController.swift in Sources */ = {isa = PBXBuildFile; fileRef = FF030D8A20F5BF9900D9E2BB /* DetailViewController.swift */; };
		FF030D8D20F613FD00D9E2BB /* FavoriteViewController.swift in Sources */ = {isa = PBXBuildFile; fileRef = FF030D8C20F613FD00D9E2BB /* FavoriteViewController.swift */; };
		FF030D8F20F61A1900D9E2BB /* favoriteCell.swift in Sources */ = {isa = PBXBuildFile; fileRef = FF030D8E20F61A1900D9E2BB /* favoriteCell.swift */; };
		FF1D91E420FC648D0093A6B8 /* SearchViewController.swift in Sources */ = {isa = PBXBuildFile; fileRef = FF1D91E320FC648D0093A6B8 /* SearchViewController.swift */; };
		FF56B200210EEF8A002462AE /* ViewController.swift in Sources */ = {isa = PBXBuildFile; fileRef = FF56B1FF210EEF8A002462AE /* ViewController.swift */; };
		FF6EA8BE20EB712D00DCBF34 /* AppDelegate.swift in Sources */ = {isa = PBXBuildFile; fileRef = FF6EA8BD20EB712D00DCBF34 /* AppDelegate.swift */; };
		FF6EA8C320EB712D00DCBF34 /* Main.storyboard in Resources */ = {isa = PBXBuildFile; fileRef = FF6EA8C120EB712D00DCBF34 /* Main.storyboard */; };
		FF6EA8C520EB712E00DCBF34 /* Assets.xcassets in Resources */ = {isa = PBXBuildFile; fileRef = FF6EA8C420EB712E00DCBF34 /* Assets.xcassets */; };
		FF6EA8C820EB712E00DCBF34 /* LaunchScreen.storyboard in Resources */ = {isa = PBXBuildFile; fileRef = FF6EA8C620EB712E00DCBF34 /* LaunchScreen.storyboard */; };
		FF6EA8D020EB7F8600DCBF34 /* Color.swift in Sources */ = {isa = PBXBuildFile; fileRef = FF6EA8CF20EB7F8600DCBF34 /* Color.swift */; };
		FF782B3320F31FC000B80F4A /* Toolbar.swift in Sources */ = {isa = PBXBuildFile; fileRef = FF782B3220F31FC000B80F4A /* Toolbar.swift */; };
		FF782B3520F351E700B80F4A /* FavMovie.swift in Sources */ = {isa = PBXBuildFile; fileRef = FF782B3420F351E700B80F4A /* FavMovie.swift */; };
		FF918E2D2105C90500FC4225 /* LowerFooter.swift in Sources */ = {isa = PBXBuildFile; fileRef = FF918E2C2105C90500FC4225 /* LowerFooter.swift */; };
		FFA18FFB20EE2F46004D4B53 /* MyCell.swift in Sources */ = {isa = PBXBuildFile; fileRef = FFA18FFA20EE2F46004D4B53 /* MyCell.swift */; };
		FFA18FFD20EE32B6004D4B53 /* HeaderCell.swift in Sources */ = {isa = PBXBuildFile; fileRef = FFA18FFC20EE32B6004D4B53 /* HeaderCell.swift */; };
		FFC2F27320EF73000041979D /* lowerHeader.swift in Sources */ = {isa = PBXBuildFile; fileRef = FFC2F27220EF73000041979D /* lowerHeader.swift */; };
/* End PBXBuildFile section */

/* Begin PBXFileReference section */
		2AAE58346F54753E32B1A3C9 /* Pods-moviee.release.xcconfig */ = {isa = PBXFileReference; includeInIndex = 1; lastKnownFileType = text.xcconfig; name = "Pods-moviee.release.xcconfig"; path = "Pods/Target Support Files/Pods-moviee/Pods-moviee.release.xcconfig"; sourceTree = "<group>"; };
		571DDED039226FAE3A54947C /* Pods-moviee.debug.xcconfig */ = {isa = PBXFileReference; includeInIndex = 1; lastKnownFileType = text.xcconfig; name = "Pods-moviee.debug.xcconfig"; path = "Pods/Target Support Files/Pods-moviee/Pods-moviee.debug.xcconfig"; sourceTree = "<group>"; };
		92D7993CA1E90C698C480C87 /* Pods_moviee.framework */ = {isa = PBXFileReference; explicitFileType = wrapper.framework; includeInIndex = 0; path = Pods_moviee.framework; sourceTree = BUILT_PRODUCTS_DIR; };
		FF030D8620F5B67900D9E2BB /* cellSize.swift */ = {isa = PBXFileReference; lastKnownFileType = sourcecode.swift; path = cellSize.swift; sourceTree = "<group>"; };
		FF030D8820F5B77900D9E2BB /* label.swift */ = {isa = PBXFileReference; lastKnownFileType = sourcecode.swift; path = label.swift; sourceTree = "<group>"; };
		FF030D8A20F5BF9900D9E2BB /* DetailViewController.swift */ = {isa = PBXFileReference; lastKnownFileType = sourcecode.swift; path = DetailViewController.swift; sourceTree = "<group>"; };
		FF030D8C20F613FD00D9E2BB /* FavoriteViewController.swift */ = {isa = PBXFileReference; lastKnownFileType = sourcecode.swift; path = FavoriteViewController.swift; sourceTree = "<group>"; };
		FF030D8E20F61A1900D9E2BB /* favoriteCell.swift */ = {isa = PBXFileReference; lastKnownFileType = sourcecode.swift; path = favoriteCell.swift; sourceTree = "<group>"; };
		FF1D91E320FC648D0093A6B8 /* SearchViewController.swift */ = {isa = PBXFileReference; lastKnownFileType = sourcecode.swift; path = SearchViewController.swift; sourceTree = "<group>"; };
		FF56B1FF210EEF8A002462AE /* ViewController.swift */ = {isa = PBXFileReference; lastKnownFileType = sourcecode.swift; path = ViewController.swift; sourceTree = "<group>"; };
		FF6EA8BA20EB712D00DCBF34 /* moviee.app */ = {isa = PBXFileReference; explicitFileType = wrapper.application; includeInIndex = 0; path = moviee.app; sourceTree = BUILT_PRODUCTS_DIR; };
		FF6EA8BD20EB712D00DCBF34 /* AppDelegate.swift */ = {isa = PBXFileReference; lastKnownFileType = sourcecode.swift; path = AppDelegate.swift; sourceTree = "<group>"; };
		FF6EA8C220EB712D00DCBF34 /* Base */ = {isa = PBXFileReference; lastKnownFileType = file.storyboard; name = Base; path = Base.lproj/Main.storyboard; sourceTree = "<group>"; };
		FF6EA8C420EB712E00DCBF34 /* Assets.xcassets */ = {isa = PBXFileReference; lastKnownFileType = folder.assetcatalog; path = Assets.xcassets; sourceTree = "<group>"; };
		FF6EA8C720EB712E00DCBF34 /* Base */ = {isa = PBXFileReference; lastKnownFileType = file.storyboard; name = Base; path = Base.lproj/LaunchScreen.storyboard; sourceTree = "<group>"; };
		FF6EA8C920EB712E00DCBF34 /* Info.plist */ = {isa = PBXFileReference; lastKnownFileType = text.plist.xml; path = Info.plist; sourceTree = "<group>"; };
		FF6EA8CF20EB7F8600DCBF34 /* Color.swift */ = {isa = PBXFileReference; lastKnownFileType = sourcecode.swift; path = Color.swift; sourceTree = "<group>"; };
		FF782B3220F31FC000B80F4A /* Toolbar.swift */ = {isa = PBXFileReference; lastKnownFileType = sourcecode.swift; path = Toolbar.swift; sourceTree = "<group>"; };
		FF782B3420F351E700B80F4A /* FavMovie.swift */ = {isa = PBXFileReference; lastKnownFileType = sourcecode.swift; path = FavMovie.swift; sourceTree = "<group>"; };
		FF918E2C2105C90500FC4225 /* LowerFooter.swift */ = {isa = PBXFileReference; lastKnownFileType = sourcecode.swift; path = LowerFooter.swift; sourceTree = "<group>"; };
		FFA18FFA20EE2F46004D4B53 /* MyCell.swift */ = {isa = PBXFileReference; lastKnownFileType = sourcecode.swift; path = MyCell.swift; sourceTree = "<group>"; };
		FFA18FFC20EE32B6004D4B53 /* HeaderCell.swift */ = {isa = PBXFileReference; lastKnownFileType = sourcecode.swift; path = HeaderCell.swift; sourceTree = "<group>"; };
		FFC2F27220EF73000041979D /* lowerHeader.swift */ = {isa = PBXFileReference; lastKnownFileType = sourcecode.swift; path = lowerHeader.swift; sourceTree = "<group>"; };
/* End PBXFileReference section */

/* Begin PBXFrameworksBuildPhase section */
		FF6EA8B720EB712D00DCBF34 /* Frameworks */ = {
			isa = PBXFrameworksBuildPhase;
			buildActionMask = 2147483647;
			files = (
				24A73E004253822B9E69FB52 /* Pods_moviee.framework in Frameworks */,
			);
			runOnlyForDeploymentPostprocessing = 0;
		};
/* End PBXFrameworksBuildPhase section */

/* Begin PBXGroup section */
		A66067C684F9B9FA6A38D934 /* Pods */ = {
			isa = PBXGroup;
			children = (
				571DDED039226FAE3A54947C /* Pods-moviee.debug.xcconfig */,
				2AAE58346F54753E32B1A3C9 /* Pods-moviee.release.xcconfig */,
			);
			name = Pods;
			sourceTree = "<group>";
		};
		E1421FA11C7F49185E2B8882 /* Frameworks */ = {
			isa = PBXGroup;
			children = (
				92D7993CA1E90C698C480C87 /* Pods_moviee.framework */,
			);
			name = Frameworks;
			sourceTree = "<group>";
		};
		FF1D91E020FC63E10093A6B8 /* ViewControllers */ = {
			isa = PBXGroup;
			children = (
				FF030D8C20F613FD00D9E2BB /* FavoriteViewController.swift */,
				FF030D8A20F5BF9900D9E2BB /* DetailViewController.swift */,
				FF1D91E320FC648D0093A6B8 /* SearchViewController.swift */,
				FF56B1FF210EEF8A002462AE /* ViewController.swift */,
			);
			path = ViewControllers;
			sourceTree = "<group>";
		};
		FF1D91E120FC63FE0093A6B8 /* custom */ = {
			isa = PBXGroup;
			children = (
				FF782B3220F31FC000B80F4A /* Toolbar.swift */,
				FF030D8820F5B77900D9E2BB /* label.swift */,
				FF6EA8CF20EB7F8600DCBF34 /* Color.swift */,
				FF030D8620F5B67900D9E2BB /* cellSize.swift */,
			);
			path = custom;
			sourceTree = "<group>";
		};
		FF1D91E220FC64500093A6B8 /* cells */ = {
			isa = PBXGroup;
			children = (
				FFC2F27220EF73000041979D /* lowerHeader.swift */,
				FFA18FFA20EE2F46004D4B53 /* MyCell.swift */,
				FF030D8E20F61A1900D9E2BB /* favoriteCell.swift */,
				FFA18FFC20EE32B6004D4B53 /* HeaderCell.swift */,
				FF918E2C2105C90500FC4225 /* LowerFooter.swift */,
			);
			path = cells;
			sourceTree = "<group>";
		};
		FF6EA8B120EB712D00DCBF34 = {
			isa = PBXGroup;
			children = (
				FF6EA8BC20EB712D00DCBF34 /* moviee */,
				FF6EA8BB20EB712D00DCBF34 /* Products */,
				A66067C684F9B9FA6A38D934 /* Pods */,
				E1421FA11C7F49185E2B8882 /* Frameworks */,
			);
			sourceTree = "<group>";
		};
		FF6EA8BB20EB712D00DCBF34 /* Products */ = {
			isa = PBXGroup;
			children = (
				FF6EA8BA20EB712D00DCBF34 /* moviee.app */,
			);
			name = Products;
			sourceTree = "<group>";
		};
		FF6EA8BC20EB712D00DCBF34 /* moviee */ = {
			isa = PBXGroup;
			children = (
				FF6EA8BD20EB712D00DCBF34 /* AppDelegate.swift */,
				FF1D91E020FC63E10093A6B8 /* ViewControllers */,
				FF782B3420F351E700B80F4A /* FavMovie.swift */,
				FF6EA8C120EB712D00DCBF34 /* Main.storyboard */,
				FF1D91E220FC64500093A6B8 /* cells */,
				FF1D91E120FC63FE0093A6B8 /* custom */,
				FF6EA8C420EB712E00DCBF34 /* Assets.xcassets */,
				FF6EA8C620EB712E00DCBF34 /* LaunchScreen.storyboard */,
				FF6EA8C920EB712E00DCBF34 /* Info.plist */,
			);
			path = moviee;
			sourceTree = "<group>";
		};
/* End PBXGroup section */

/* Begin PBXNativeTarget section */
		FF6EA8B920EB712D00DCBF34 /* moviee */ = {
			isa = PBXNativeTarget;
			buildConfigurationList = FF6EA8CC20EB712E00DCBF34 /* Build configuration list for PBXNativeTarget "moviee" */;
			buildPhases = (
				08758E834133754FDA3EC3C7 /* [CP] Check Pods Manifest.lock */,
				FF6EA8B620EB712D00DCBF34 /* Sources */,
				FF6EA8B720EB712D00DCBF34 /* Frameworks */,
				FF6EA8B820EB712D00DCBF34 /* Resources */,
				7D35B9AD5B2CB1AAFFD9979F /* [CP] Embed Pods Frameworks */,
			);
			buildRules = (
			);
			dependencies = (
			);
			name = moviee;
			productName = moviee;
			productReference = FF6EA8BA20EB712D00DCBF34 /* moviee.app */;
			productType = "com.apple.product-type.application";
		};
/* End PBXNativeTarget section */

/* Begin PBXProject section */
		FF6EA8B220EB712D00DCBF34 /* Project object */ = {
			isa = PBXProject;
			attributes = {
				LastSwiftUpdateCheck = 0940;
				LastUpgradeCheck = 0940;
				ORGANIZATIONNAME = "Hnin Ei Hlaing";
				TargetAttributes = {
					FF6EA8B920EB712D00DCBF34 = {
						CreatedOnToolsVersion = 9.4.1;
					};
				};
			};
			buildConfigurationList = FF6EA8B520EB712D00DCBF34 /* Build configuration list for PBXProject "moviee" */;
			compatibilityVersion = "Xcode 9.3";
			developmentRegion = en;
			hasScannedForEncodings = 0;
			knownRegions = (
				en,
				Base,
			);
			mainGroup = FF6EA8B120EB712D00DCBF34;
			productRefGroup = FF6EA8BB20EB712D00DCBF34 /* Products */;
			projectDirPath = "";
			projectRoot = "";
			targets = (
				FF6EA8B920EB712D00DCBF34 /* moviee */,
			);
		};
/* End PBXProject section */

/* Begin PBXResourcesBuildPhase section */
		FF6EA8B820EB712D00DCBF34 /* Resources */ = {
			isa = PBXResourcesBuildPhase;
			buildActionMask = 2147483647;
			files = (
				FF6EA8C820EB712E00DCBF34 /* LaunchScreen.storyboard in Resources */,
				FF6EA8C520EB712E00DCBF34 /* Assets.xcassets in Resources */,
				FF6EA8C320EB712D00DCBF34 /* Main.storyboard in Resources */,
			);
			runOnlyForDeploymentPostprocessing = 0;
		};
/* End PBXResourcesBuildPhase section */

/* Begin PBXShellScriptBuildPhase section */
		08758E834133754FDA3EC3C7 /* [CP] Check Pods Manifest.lock */ = {
			isa = PBXShellScriptBuildPhase;
			buildActionMask = 2147483647;
			files = (
			);
			inputPaths = (
				"${PODS_PODFILE_DIR_PATH}/Podfile.lock",
				"${PODS_ROOT}/Manifest.lock",
			);
			name = "[CP] Check Pods Manifest.lock";
			outputPaths = (
				"$(DERIVED_FILE_DIR)/Pods-moviee-checkManifestLockResult.txt",
			);
			runOnlyForDeploymentPostprocessing = 0;
			shellPath = /bin/sh;
			shellScript = "diff \"${PODS_PODFILE_DIR_PATH}/Podfile.lock\" \"${PODS_ROOT}/Manifest.lock\" > /dev/null\nif [ $? != 0 ] ; then\n    # print error to STDERR\n    echo \"error: The sandbox is not in sync with the Podfile.lock. Run 'pod install' or update your CocoaPods installation.\" >&2\n    exit 1\nfi\n# This output is used by Xcode 'outputs' to avoid re-running this script phase.\necho \"SUCCESS\" > \"${SCRIPT_OUTPUT_FILE_0}\"\n";
			showEnvVarsInLog = 0;
		};
		7D35B9AD5B2CB1AAFFD9979F /* [CP] Embed Pods Frameworks */ = {
			isa = PBXShellScriptBuildPhase;
			buildActionMask = 2147483647;
			files = (
			);
			inputPaths = (
				"${SRCROOT}/Pods/Target Support Files/Pods-moviee/Pods-moviee-frameworks.sh",
				"${BUILT_PRODUCTS_DIR}/Alamofire/Alamofire.framework",
				"${BUILT_PRODUCTS_DIR}/Cosmos/Cosmos.framework",
				"${BUILT_PRODUCTS_DIR}/Realm/Realm.framework",
				"${BUILT_PRODUCTS_DIR}/RealmSwift/RealmSwift.framework",
				"${BUILT_PRODUCTS_DIR}/SDWebImage/SDWebImage.framework",
				"${BUILT_PRODUCTS_DIR}/SwiftyJSON/SwiftyJSON.framework",
			);
			name = "[CP] Embed Pods Frameworks";
			outputPaths = (
				"${TARGET_BUILD_DIR}/${FRAMEWORKS_FOLDER_PATH}/Alamofire.framework",
				"${TARGET_BUILD_DIR}/${FRAMEWORKS_FOLDER_PATH}/Cosmos.framework",
				"${TARGET_BUILD_DIR}/${FRAMEWORKS_FOLDER_PATH}/Realm.framework",
				"${TARGET_BUILD_DIR}/${FRAMEWORKS_FOLDER_PATH}/RealmSwift.framework",
				"${TARGET_BUILD_DIR}/${FRAMEWORKS_FOLDER_PATH}/SDWebImage.framework",
				"${TARGET_BUILD_DIR}/${FRAMEWORKS_FOLDER_PATH}/SwiftyJSON.framework",
			);
			runOnlyForDeploymentPostprocessing = 0;
			shellPath = /bin/sh;
			shellScript = "\"${SRCROOT}/Pods/Target Support Files/Pods-moviee/Pods-moviee-frameworks.sh\"\n";
			showEnvVarsInLog = 0;
		};
/* End PBXShellScriptBuildPhase section */

/* Begin PBXSourcesBuildPhase section */
		FF6EA8B620EB712D00DCBF34 /* Sources */ = {
			isa = PBXSourcesBuildPhase;
			buildActionMask = 2147483647;
			files = (
				FFA18FFD20EE32B6004D4B53 /* HeaderCell.swift in Sources */,
				FF030D8B20F5BF9900D9E2BB /* DetailViewController.swift in Sources */,
				FF782B3320F31FC000B80F4A /* Toolbar.swift in Sources */,
				FFA18FFB20EE2F46004D4B53 /* MyCell.swift in Sources */,
				FF030D8720F5B67900D9E2BB /* cellSize.swift in Sources */,
				FFC2F27320EF73000041979D /* lowerHeader.swift in Sources */,
				FF6EA8BE20EB712D00DCBF34 /* AppDelegate.swift in Sources */,
				FF1D91E420FC648D0093A6B8 /* SearchViewController.swift in Sources */,
				FF030D8D20F613FD00D9E2BB /* FavoriteViewController.swift in Sources */,
				FF782B3520F351E700B80F4A /* FavMovie.swift in Sources */,
				FF030D8F20F61A1900D9E2BB /* favoriteCell.swift in Sources */,
				FF030D8920F5B77900D9E2BB /* label.swift in Sources */,
				FF918E2D2105C90500FC4225 /* LowerFooter.swift in Sources */,
				FF56B200210EEF8A002462AE /* ViewController.swift in Sources */,
				FF6EA8D020EB7F8600DCBF34 /* Color.swift in Sources */,
			);
			runOnlyForDeploymentPostprocessing = 0;
		};
/* End PBXSourcesBuildPhase section */

/* Begin PBXVariantGroup section */
		FF6EA8C120EB712D00DCBF34 /* Main.storyboard */ = {
			isa = PBXVariantGroup;
			children = (
				FF6EA8C220EB712D00DCBF34 /* Base */,
			);
			name = Main.storyboard;
			sourceTree = "<group>";
		};
		FF6EA8C620EB712E00DCBF34 /* LaunchScreen.storyboard */ = {
			isa = PBXVariantGroup;
			children = (
				FF6EA8C720EB712E00DCBF34 /* Base */,
			);
			name = LaunchScreen.storyboard;
			sourceTree = "<group>";
		};
/* End PBXVariantGroup section */

/* Begin XCBuildConfiguration section */
		FF6EA8CA20EB712E00DCBF34 /* Debug */ = {
			isa = XCBuildConfiguration;
			buildSettings = {
				ALWAYS_SEARCH_USER_PATHS = NO;
				CLANG_ANALYZER_NONNULL = YES;
				CLANG_ANALYZER_NUMBER_OBJECT_CONVERSION = YES_AGGRESSIVE;
				CLANG_CXX_LANGUAGE_STANDARD = "gnu++14";
				CLANG_CXX_LIBRARY = "libc++";
				CLANG_ENABLE_MODULES = YES;
				CLANG_ENABLE_OBJC_ARC = YES;
				CLANG_ENABLE_OBJC_WEAK = YES;
				CLANG_WARN_BLOCK_CAPTURE_AUTORELEASING = YES;
				CLANG_WARN_BOOL_CONVERSION = YES;
				CLANG_WARN_COMMA = YES;
				CLANG_WARN_CONSTANT_CONVERSION = YES;
				CLANG_WARN_DEPRECATED_OBJC_IMPLEMENTATIONS = YES;
				CLANG_WARN_DIRECT_OBJC_ISA_USAGE = YES_ERROR;
				CLANG_WARN_DOCUMENTATION_COMMENTS = YES;
				CLANG_WARN_EMPTY_BODY = YES;
				CLANG_WARN_ENUM_CONVERSION = YES;
				CLANG_WARN_INFINITE_RECURSION = YES;
				CLANG_WARN_INT_CONVERSION = YES;
				CLANG_WARN_NON_LITERAL_NULL_CONVERSION = YES;
				CLANG_WARN_OBJC_IMPLICIT_RETAIN_SELF = YES;
				CLANG_WARN_OBJC_LITERAL_CONVERSION = YES;
				CLANG_WARN_OBJC_ROOT_CLASS = YES_ERROR;
				CLANG_WARN_RANGE_LOOP_ANALYSIS = YES;
				CLANG_WARN_STRICT_PROTOTYPES = YES;
				CLANG_WARN_SUSPICIOUS_MOVE = YES;
				CLANG_WARN_UNGUARDED_AVAILABILITY = YES_AGGRESSIVE;
				CLANG_WARN_UNREACHABLE_CODE = YES;
				CLANG_WARN__DUPLICATE_METHOD_MATCH = YES;
				CODE_SIGN_IDENTITY = "iPhone Developer";
				COPY_PHASE_STRIP = NO;
				DEBUG_INFORMATION_FORMAT = dwarf;
				ENABLE_STRICT_OBJC_MSGSEND = YES;
				ENABLE_TESTABILITY = YES;
				GCC_C_LANGUAGE_STANDARD = gnu11;
				GCC_DYNAMIC_NO_PIC = NO;
				GCC_NO_COMMON_BLOCKS = YES;
				GCC_OPTIMIZATION_LEVEL = 0;
				GCC_PREPROCESSOR_DEFINITIONS = (
					"DEBUG=1",
					"$(inherited)",
				);
				GCC_WARN_64_TO_32_BIT_CONVERSION = YES;
				GCC_WARN_ABOUT_RETURN_TYPE = YES_ERROR;
				GCC_WARN_UNDECLARED_SELECTOR = YES;
				GCC_WARN_UNINITIALIZED_AUTOS = YES_AGGRESSIVE;
				GCC_WARN_UNUSED_FUNCTION = YES;
				GCC_WARN_UNUSED_VARIABLE = YES;
				IPHONEOS_DEPLOYMENT_TARGET = 11.4;
				MTL_ENABLE_DEBUG_INFO = YES;
				ONLY_ACTIVE_ARCH = YES;
				SDKROOT = iphoneos;
				SWIFT_ACTIVE_COMPILATION_CONDITIONS = DEBUG;
				SWIFT_OPTIMIZATION_LEVEL = "-Onone";
			};
			name = Debug;
		};
		FF6EA8CB20EB712E00DCBF34 /* Release */ = {
			isa = XCBuildConfiguration;
			buildSettings = {
				ALWAYS_SEARCH_USER_PATHS = NO;
				CLANG_ANALYZER_NONNULL = YES;
				CLANG_ANALYZER_NUMBER_OBJECT_CONVERSION = YES_AGGRESSIVE;
				CLANG_CXX_LANGUAGE_STANDARD = "gnu++14";
				CLANG_CXX_LIBRARY = "libc++";
				CLANG_ENABLE_MODULES = YES;
				CLANG_ENABLE_OBJC_ARC = YES;
				CLANG_ENABLE_OBJC_WEAK = YES;
				CLANG_WARN_BLOCK_CAPTURE_AUTORELEASING = YES;
				CLANG_WARN_BOOL_CONVERSION = YES;
				CLANG_WARN_COMMA = YES;
				CLANG_WARN_CONSTANT_CONVERSION = YES;
				CLANG_WARN_DEPRECATED_OBJC_IMPLEMENTATIONS = YES;
				CLANG_WARN_DIRECT_OBJC_ISA_USAGE = YES_ERROR;
				CLANG_WARN_DOCUMENTATION_COMMENTS = YES;
				CLANG_WARN_EMPTY_BODY = YES;
				CLANG_WARN_ENUM_CONVERSION = YES;
				CLANG_WARN_INFINITE_RECURSION = YES;
				CLANG_WARN_INT_CONVERSION = YES;
				CLANG_WARN_NON_LITERAL_NULL_CONVERSION = YES;
				CLANG_WARN_OBJC_IMPLICIT_RETAIN_SELF = YES;
				CLANG_WARN_OBJC_LITERAL_CONVERSION = YES;
				CLANG_WARN_OBJC_ROOT_CLASS = YES_ERROR;
				CLANG_WARN_RANGE_LOOP_ANALYSIS = YES;
				CLANG_WARN_STRICT_PROTOTYPES = YES;
				CLANG_WARN_SUSPICIOUS_MOVE = YES;
				CLANG_WARN_UNGUARDED_AVAILABILITY = YES_AGGRESSIVE;
				CLANG_WARN_UNREACHABLE_CODE = YES;
				CLANG_WARN__DUPLICATE_METHOD_MATCH = YES;
				CODE_SIGN_IDENTITY = "iPhone Developer";
				COPY_PHASE_STRIP = NO;
				DEBUG_INFORMATION_FORMAT = "dwarf-with-dsym";
				ENABLE_NS_ASSERTIONS = NO;
				ENABLE_STRICT_OBJC_MSGSEND = YES;
				GCC_C_LANGUAGE_STANDARD = gnu11;
				GCC_NO_COMMON_BLOCKS = YES;
				GCC_WARN_64_TO_32_BIT_CONVERSION = YES;
				GCC_WARN_ABOUT_RETURN_TYPE = YES_ERROR;
				GCC_WARN_UNDECLARED_SELECTOR = YES;
				GCC_WARN_UNINITIALIZED_AUTOS = YES_AGGRESSIVE;
				GCC_WARN_UNUSED_FUNCTION = YES;
				GCC_WARN_UNUSED_VARIABLE = YES;
				IPHONEOS_DEPLOYMENT_TARGET = 11.4;
				MTL_ENABLE_DEBUG_INFO = NO;
				SDKROOT = iphoneos;
				SWIFT_COMPILATION_MODE = wholemodule;
				SWIFT_OPTIMIZATION_LEVEL = "-O";
				VALIDATE_PRODUCT = YES;
			};
			name = Release;
		};
		FF6EA8CD20EB712E00DCBF34 /* Debug */ = {
			isa = XCBuildConfiguration;
			baseConfigurationReference = 571DDED039226FAE3A54947C /* Pods-moviee.debug.xcconfig */;
			buildSettings = {
				ASSETCATALOG_COMPILER_APPICON_NAME = AppIcon;
				CODE_SIGN_STYLE = Automatic;
				DEVELOPMENT_TEAM = 9DY7SHZZU7;
				INFOPLIST_FILE = moviee/Info.plist;
				LD_RUNPATH_SEARCH_PATHS = (
					"$(inherited)",
					"@executable_path/Frameworks",
				);
				PRODUCT_BUNDLE_IDENTIFIER = com.example.moviee;
				PRODUCT_NAME = "$(TARGET_NAME)";
				SWIFT_VERSION = 4.0;
				TARGETED_DEVICE_FAMILY = "1,2";
			};
			name = Debug;
		};
		FF6EA8CE20EB712E00DCBF34 /* Release */ = {
			isa = XCBuildConfiguration;
			baseConfigurationReference = 2AAE58346F54753E32B1A3C9 /* Pods-moviee.release.xcconfig */;
			buildSettings = {
				ASSETCATALOG_COMPILER_APPICON_NAME = AppIcon;
				CODE_SIGN_STYLE = Automatic;
				DEVELOPMENT_TEAM = 9DY7SHZZU7;
				INFOPLIST_FILE = moviee/Info.plist;
				LD_RUNPATH_SEARCH_PATHS = (
					"$(inherited)",
					"@executable_path/Frameworks",
				);
				PRODUCT_BUNDLE_IDENTIFIER = com.example.moviee;
				PRODUCT_NAME = "$(TARGET_NAME)";
				SWIFT_VERSION = 4.0;
				TARGETED_DEVICE_FAMILY = "1,2";
			};
			name = Release;
		};
/* End XCBuildConfiguration section */

/* Begin XCConfigurationList section */
		FF6EA8B520EB712D00DCBF34 /* Build configuration list for PBXProject "moviee" */ = {
			isa = XCConfigurationList;
			buildConfigurations = (
				FF6EA8CA20EB712E00DCBF34 /* Debug */,
				FF6EA8CB20EB712E00DCBF34 /* Release */,
			);
			defaultConfigurationIsVisible = 0;
			defaultConfigurationName = Release;
		};
		FF6EA8CC20EB712E00DCBF34 /* Build configuration list for PBXNativeTarget "moviee" */ = {
			isa = XCConfigurationList;
			buildConfigurations = (
				FF6EA8CD20EB712E00DCBF34 /* Debug */,
				FF6EA8CE20EB712E00DCBF34 /* Release */,
			);
			defaultConfigurationIsVisible = 0;
			defaultConfigurationName = Release;
		};
/* End XCConfigurationList section */
	};
	rootObject = FF6EA8B220EB712D00DCBF34 /* Project object */;
}
